
Microsoft Visual Studio Solution File, Format Version 12.00
# Visual Studio 15
VisualStudioVersion = 15.0.28010.2036
MinimumVisualStudioVersion = 10.0.40219.1
Project("{FAE04EC0-301F-11D3-BF4B-00C04F79EFBC}") = "PlaceHolder_Fixer", "PlaceHolder_Fixer\PlaceHolder_Fixer.csproj", "{80BE7DFB-28ED-4118-8046-09FEB9419595}"
EndProject
Global
	GlobalSection(SolutionConfigurationPlatforms) = preSolution
		Debug|Any CPU = Debug|Any CPU
		Release|Any CPU = Release|Any CPU
	EndGlobalSection
	GlobalSection(ProjectConfigurationPlatforms) = postSolution
		{80BE7DFB-28ED-4118-8046-09FEB9419595}.Debug|Any CPU.ActiveCfg = Debug|Any CPU
		{80BE7DFB-28ED-4118-8046-09FEB9419595}.Debug|Any CPU.Build.0 = Debug|Any CPU
		{80BE7DFB-28ED-4118-8046-09FEB9419595}.Release|Any CPU.ActiveCfg = Release|Any CPU
		{80BE7DFB-28ED-4118-8046-09FEB9419595}.Release|Any CPU.Build.0 = Release|Any CPU
	EndGlobalSection
	GlobalSection(SolutionProperties) = preSolution
		HideSolutionNode = FALSE
	EndGlobalSection
	GlobalSection(ExtensibilityGlobals) = postSolution
		SolutionGuid = {4A58152C-4BCB-4400-A349-2AE29C148FDE}
	EndGlobalSection
EndGlobal
